
Microsoft Visual Studio Solution File, Format Version 12.00
# Visual Studio Version 17
VisualStudioVersion = 17.3.32819.101
MinimumVisualStudioVersion = 10.0.40219.1
Project("{FAE04EC0-301F-11D3-BF4B-00C04F79EFBC}") = "arraysAsParameters", "arraysAsParameters\arraysAsParameters.csproj", "{18B4DA29-5EA9-49FF-BE8E-9EC6DF03FCCB}"
EndProject
Global
	GlobalSection(SolutionConfigurationPlatforms) = preSolution
		Debug|Any CPU = Debug|Any CPU
		Release|Any CPU = Release|Any CPU
	EndGlobalSection
	GlobalSection(ProjectConfigurationPlatforms) = postSolution
		{18B4DA29-5EA9-49FF-BE8E-9EC6DF03FCCB}.Debug|Any CPU.ActiveCfg = Debug|Any CPU
		{18B4DA29-5EA9-49FF-BE8E-9EC6DF03FCCB}.Debug|Any CPU.Build.0 = Debug|Any CPU
		{18B4DA29-5EA9-49FF-BE8E-9EC6DF03FCCB}.Release|Any CPU.ActiveCfg = Release|Any CPU
		{18B4DA29-5EA9-49FF-BE8E-9EC6DF03FCCB}.Release|Any CPU.Build.0 = Release|Any CPU
	EndGlobalSection
	GlobalSection(SolutionProperties) = preSolution
		HideSolutionNode = FALSE
	EndGlobalSection
	GlobalSection(ExtensibilityGlobals) = postSolution
		SolutionGuid = {54E3101B-CA1E-4B51-A456-D284322118AA}
	EndGlobalSection
EndGlobal
