
Microsoft Visual Studio Solution File, Format Version 12.00
# Visual Studio Version 17
VisualStudioVersion = 17.3.32819.101
MinimumVisualStudioVersion = 10.0.40219.1
Project("{FAE04EC0-301F-11D3-BF4B-00C04F79EFBC}") = "queuesAndstacks", "queuesAndstacks\queuesAndstacks.csproj", "{7BA69EA3-352E-44A8-A750-940607FD084C}"
EndProject
Global
	GlobalSection(SolutionConfigurationPlatforms) = preSolution
		Debug|Any CPU = Debug|Any CPU
		Release|Any CPU = Release|Any CPU
	EndGlobalSection
	GlobalSection(ProjectConfigurationPlatforms) = postSolution
		{7BA69EA3-352E-44A8-A750-940607FD084C}.Debug|Any CPU.ActiveCfg = Debug|Any CPU
		{7BA69EA3-352E-44A8-A750-940607FD084C}.Debug|Any CPU.Build.0 = Debug|Any CPU
		{7BA69EA3-352E-44A8-A750-940607FD084C}.Release|Any CPU.ActiveCfg = Release|Any CPU
		{7BA69EA3-352E-44A8-A750-940607FD084C}.Release|Any CPU.Build.0 = Release|Any CPU
	EndGlobalSection
	GlobalSection(SolutionProperties) = preSolution
		HideSolutionNode = FALSE
	EndGlobalSection
	GlobalSection(ExtensibilityGlobals) = postSolution
		SolutionGuid = {793626C4-08DC-41EB-8F06-B3D0A99C900C}
	EndGlobalSection
EndGlobal
