
Microsoft Visual Studio Solution File, Format Version 12.00
# Visual Studio Version 17
VisualStudioVersion = 17.3.32819.101
MinimumVisualStudioVersion = 10.0.40219.1
Project("{FAE04EC0-301F-11D3-BF4B-00C04F79EFBC}") = "jaggedArrays", "jaggedArrays\jaggedArrays.csproj", "{E4FB1592-B5B1-463E-A9EF-C5FA08D290D5}"
EndProject
Global
	GlobalSection(SolutionConfigurationPlatforms) = preSolution
		Debug|Any CPU = Debug|Any CPU
		Release|Any CPU = Release|Any CPU
	EndGlobalSection
	GlobalSection(ProjectConfigurationPlatforms) = postSolution
		{E4FB1592-B5B1-463E-A9EF-C5FA08D290D5}.Debug|Any CPU.ActiveCfg = Debug|Any CPU
		{E4FB1592-B5B1-463E-A9EF-C5FA08D290D5}.Debug|Any CPU.Build.0 = Debug|Any CPU
		{E4FB1592-B5B1-463E-A9EF-C5FA08D290D5}.Release|Any CPU.ActiveCfg = Release|Any CPU
		{E4FB1592-B5B1-463E-A9EF-C5FA08D290D5}.Release|Any CPU.Build.0 = Release|Any CPU
	EndGlobalSection
	GlobalSection(SolutionProperties) = preSolution
		HideSolutionNode = FALSE
	EndGlobalSection
	GlobalSection(ExtensibilityGlobals) = postSolution
		SolutionGuid = {8A3C4EA7-993C-4D03-B671-C100B7ABB51C}
	EndGlobalSection
EndGlobal
