
Microsoft Visual Studio Solution File, Format Version 12.00
# Visual Studio Version 17
VisualStudioVersion = 17.3.32819.101
MinimumVisualStudioVersion = 10.0.40219.1
Project("{FAE04EC0-301F-11D3-BF4B-00C04F79EFBC}") = "minValueParams", "minValueParams\minValueParams.csproj", "{302451A4-44F4-4FE0-8C46-EBB658DF51C1}"
EndProject
Global
	GlobalSection(SolutionConfigurationPlatforms) = preSolution
		Debug|Any CPU = Debug|Any CPU
		Release|Any CPU = Release|Any CPU
	EndGlobalSection
	GlobalSection(ProjectConfigurationPlatforms) = postSolution
		{302451A4-44F4-4FE0-8C46-EBB658DF51C1}.Debug|Any CPU.ActiveCfg = Debug|Any CPU
		{302451A4-44F4-4FE0-8C46-EBB658DF51C1}.Debug|Any CPU.Build.0 = Debug|Any CPU
		{302451A4-44F4-4FE0-8C46-EBB658DF51C1}.Release|Any CPU.ActiveCfg = Release|Any CPU
		{302451A4-44F4-4FE0-8C46-EBB658DF51C1}.Release|Any CPU.Build.0 = Release|Any CPU
	EndGlobalSection
	GlobalSection(SolutionProperties) = preSolution
		HideSolutionNode = FALSE
	EndGlobalSection
	GlobalSection(ExtensibilityGlobals) = postSolution
		SolutionGuid = {8123E810-2188-4465-8D3D-4188C6BF75FB}
	EndGlobalSection
EndGlobal
