
Microsoft Visual Studio Solution File, Format Version 12.00
# Visual Studio Version 17
VisualStudioVersion = 17.3.32819.101
MinimumVisualStudioVersion = 10.0.40219.1
Project("{FAE04EC0-301F-11D3-BF4B-00C04F79EFBC}") = "nestedLoopInArray2", "nestedLoopInArray2\nestedLoopInArray2.csproj", "{AC775F89-7103-4C35-B755-C7F6132D5E4B}"
EndProject
Global
	GlobalSection(SolutionConfigurationPlatforms) = preSolution
		Debug|Any CPU = Debug|Any CPU
		Release|Any CPU = Release|Any CPU
	EndGlobalSection
	GlobalSection(ProjectConfigurationPlatforms) = postSolution
		{AC775F89-7103-4C35-B755-C7F6132D5E4B}.Debug|Any CPU.ActiveCfg = Debug|Any CPU
		{AC775F89-7103-4C35-B755-C7F6132D5E4B}.Debug|Any CPU.Build.0 = Debug|Any CPU
		{AC775F89-7103-4C35-B755-C7F6132D5E4B}.Release|Any CPU.ActiveCfg = Release|Any CPU
		{AC775F89-7103-4C35-B755-C7F6132D5E4B}.Release|Any CPU.Build.0 = Release|Any CPU
	EndGlobalSection
	GlobalSection(SolutionProperties) = preSolution
		HideSolutionNode = FALSE
	EndGlobalSection
	GlobalSection(ExtensibilityGlobals) = postSolution
		SolutionGuid = {ED4BB150-9072-4E04-B940-5C3649B8F047}
	EndGlobalSection
EndGlobal
