
Microsoft Visual Studio Solution File, Format Version 12.00
# Visual Studio Version 17
VisualStudioVersion = 17.3.32819.101
MinimumVisualStudioVersion = 10.0.40219.1
Project("{FAE04EC0-301F-11D3-BF4B-00C04F79EFBC}") = "dictionary", "dictionary\dictionary.csproj", "{D2C1A78A-4032-431A-855E-48C6CFDA5E14}"
EndProject
Global
	GlobalSection(SolutionConfigurationPlatforms) = preSolution
		Debug|Any CPU = Debug|Any CPU
		Release|Any CPU = Release|Any CPU
	EndGlobalSection
	GlobalSection(ProjectConfigurationPlatforms) = postSolution
		{D2C1A78A-4032-431A-855E-48C6CFDA5E14}.Debug|Any CPU.ActiveCfg = Debug|Any CPU
		{D2C1A78A-4032-431A-855E-48C6CFDA5E14}.Debug|Any CPU.Build.0 = Debug|Any CPU
		{D2C1A78A-4032-431A-855E-48C6CFDA5E14}.Release|Any CPU.ActiveCfg = Release|Any CPU
		{D2C1A78A-4032-431A-855E-48C6CFDA5E14}.Release|Any CPU.Build.0 = Release|Any CPU
	EndGlobalSection
	GlobalSection(SolutionProperties) = preSolution
		HideSolutionNode = FALSE
	EndGlobalSection
	GlobalSection(ExtensibilityGlobals) = postSolution
		SolutionGuid = {DAA3D1C4-6B09-4138-B595-1721F97DAC05}
	EndGlobalSection
EndGlobal
